[[package]]
name = "tezosbuilders-contracts-smartpy"
version = "0.1.0"
description = ""
category = "main"
optional = false
python-versions = ">=3.10,<3.11"
develop = false

[package.source]
type = "git"
url = "https://github.com/tezosbuilders/contracts-smartpy.git"
reference = "main"
resolved_reference = "7c56af55dafbb616494dad6fc0a6dfb102b26162"

[metadata]
lock-version = "1.1"
python-versions = ">=3.10,<3.11"
content-hash = "793ee04356f1cbd8b0d710d05589681e5464f16ffd2e1a1c011a15f86639398a"

[metadata.files]
tezosbuilders-contracts-smartpy = []
