[[package]]
name = "tz1and-contracts-smartpy"
version = "0.2.4"
description = ""
category = "main"
optional = false
python-versions = ">=3.10,<3.11"
develop = false

[package.source]
type = "git"
url = "https://github.com/tz1and/contracts-smartpy.git"
reference = "v0.2.4"
resolved_reference = "7a459848cc59ccc681a99f98e1fca85a78c0dda3"

[metadata]
lock-version = "1.1"
python-versions = ">=3.10,<3.11"
content-hash = "7b511ac28f1af7bb2353547a58c147293be8c006e6581fb42324a67bd6489aa2"

[metadata.files]
tz1and-contracts-smartpy = []
